
Microsoft Visual Studio Solution File, Format Version 12.00
# Visual Studio 15
VisualStudioVersion = 15.0.27428.2037
MinimumVisualStudioVersion = 10.0.40219.1
Project("{FAE04EC0-301F-11D3-BF4B-00C04F79EFBC}") = "Kurs", "Kurs\Kurs.csproj", "{AAA59763-9B79-483C-B658-6BC72953CC7F}"
EndProject
Global
	GlobalSection(SolutionConfigurationPlatforms) = preSolution
		Debug|Any CPU = Debug|Any CPU
		Release|Any CPU = Release|Any CPU
	EndGlobalSection
	GlobalSection(ProjectConfigurationPlatforms) = postSolution
		{AAA59763-9B79-483C-B658-6BC72953CC7F}.Debug|Any CPU.ActiveCfg = Debug|Any CPU
		{AAA59763-9B79-483C-B658-6BC72953CC7F}.Debug|Any CPU.Build.0 = Debug|Any CPU
		{AAA59763-9B79-483C-B658-6BC72953CC7F}.Release|Any CPU.ActiveCfg = Release|Any CPU
		{AAA59763-9B79-483C-B658-6BC72953CC7F}.Release|Any CPU.Build.0 = Release|Any CPU
	EndGlobalSection
	GlobalSection(SolutionProperties) = preSolution
		HideSolutionNode = FALSE
	EndGlobalSection
	GlobalSection(ExtensibilityGlobals) = postSolution
		SolutionGuid = {860C0A7E-B9D8-4862-BCD4-B8724C3A41CC}
	EndGlobalSection
EndGlobal
