
Microsoft Visual Studio Solution File, Format Version 12.00
# Visual Studio 15
VisualStudioVersion = 15.0.27004.2006
MinimumVisualStudioVersion = 10.0.40219.1
Project("{FAE04EC0-301F-11D3-BF4B-00C04F79EFBC}") = "ConsoleApp25", "ConsoleApp25\ConsoleApp25.csproj", "{82725216-A838-4525-94FB-F323F1E0121E}"
EndProject
Global
	GlobalSection(SolutionConfigurationPlatforms) = preSolution
		Debug|Any CPU = Debug|Any CPU
		Release|Any CPU = Release|Any CPU
	EndGlobalSection
	GlobalSection(ProjectConfigurationPlatforms) = postSolution
		{82725216-A838-4525-94FB-F323F1E0121E}.Debug|Any CPU.ActiveCfg = Debug|Any CPU
		{82725216-A838-4525-94FB-F323F1E0121E}.Debug|Any CPU.Build.0 = Debug|Any CPU
		{82725216-A838-4525-94FB-F323F1E0121E}.Release|Any CPU.ActiveCfg = Release|Any CPU
		{82725216-A838-4525-94FB-F323F1E0121E}.Release|Any CPU.Build.0 = Release|Any CPU
	EndGlobalSection
	GlobalSection(SolutionProperties) = preSolution
		HideSolutionNode = FALSE
	EndGlobalSection
	GlobalSection(ExtensibilityGlobals) = postSolution
		SolutionGuid = {84F6AC2E-5D8C-4B17-AF45-0D41ABB4D4A0}
	EndGlobalSection
EndGlobal
