
Microsoft Visual Studio Solution File, Format Version 12.00
# Visual Studio Version 16
VisualStudioVersion = 16.0.29020.237
MinimumVisualStudioVersion = 10.0.40219.1
Project("{FAE04EC0-301F-11D3-BF4B-00C04F79EFBC}") = "MagicSquare.Console", "ConsoleApp13\MagicSquare.Console.csproj", "{4D9C9E64-51B1-44FD-9453-C384E51D4D44}"
EndProject
Project("{FAE04EC0-301F-11D3-BF4B-00C04F79EFBC}") = "MagicSquare", "MagicSquare\MagicSquare.csproj", "{264054C8-D472-4656-8F4F-4192CA8CD0A4}"
EndProject
Global
	GlobalSection(SolutionConfigurationPlatforms) = preSolution
		Debug|Any CPU = Debug|Any CPU
		Release|Any CPU = Release|Any CPU
	EndGlobalSection
	GlobalSection(ProjectConfigurationPlatforms) = postSolution
		{4D9C9E64-51B1-44FD-9453-C384E51D4D44}.Debug|Any CPU.ActiveCfg = Debug|Any CPU
		{4D9C9E64-51B1-44FD-9453-C384E51D4D44}.Debug|Any CPU.Build.0 = Debug|Any CPU
		{4D9C9E64-51B1-44FD-9453-C384E51D4D44}.Release|Any CPU.ActiveCfg = Release|Any CPU
		{4D9C9E64-51B1-44FD-9453-C384E51D4D44}.Release|Any CPU.Build.0 = Release|Any CPU
		{264054C8-D472-4656-8F4F-4192CA8CD0A4}.Debug|Any CPU.ActiveCfg = Debug|Any CPU
		{264054C8-D472-4656-8F4F-4192CA8CD0A4}.Debug|Any CPU.Build.0 = Debug|Any CPU
		{264054C8-D472-4656-8F4F-4192CA8CD0A4}.Release|Any CPU.ActiveCfg = Release|Any CPU
		{264054C8-D472-4656-8F4F-4192CA8CD0A4}.Release|Any CPU.Build.0 = Release|Any CPU
	EndGlobalSection
	GlobalSection(SolutionProperties) = preSolution
		HideSolutionNode = FALSE
	EndGlobalSection
	GlobalSection(ExtensibilityGlobals) = postSolution
		SolutionGuid = {3406DD92-0F1B-4B40-9C31-F4E55DF17EEE}
	EndGlobalSection
EndGlobal
