
Microsoft Visual Studio Solution File, Format Version 12.00
# Visual Studio 15
VisualStudioVersion = 15.0.27428.2043
MinimumVisualStudioVersion = 10.0.40219.1
Project("{FAE04EC0-301F-11D3-BF4B-00C04F79EFBC}") = "WindowsFormsApp1", "WindowsFormsApp1\WindowsFormsApp1.csproj", "{E2D813AC-9273-4D51-81D2-4A7DBBCC2668}"
EndProject
Global
	GlobalSection(SolutionConfigurationPlatforms) = preSolution
		Debug|Any CPU = Debug|Any CPU
		Release|Any CPU = Release|Any CPU
	EndGlobalSection
	GlobalSection(ProjectConfigurationPlatforms) = postSolution
		{E2D813AC-9273-4D51-81D2-4A7DBBCC2668}.Debug|Any CPU.ActiveCfg = Debug|Any CPU
		{E2D813AC-9273-4D51-81D2-4A7DBBCC2668}.Debug|Any CPU.Build.0 = Debug|Any CPU
		{E2D813AC-9273-4D51-81D2-4A7DBBCC2668}.Release|Any CPU.ActiveCfg = Release|Any CPU
		{E2D813AC-9273-4D51-81D2-4A7DBBCC2668}.Release|Any CPU.Build.0 = Release|Any CPU
	EndGlobalSection
	GlobalSection(SolutionProperties) = preSolution
		HideSolutionNode = FALSE
	EndGlobalSection
	GlobalSection(ExtensibilityGlobals) = postSolution
		SolutionGuid = {45BA27F6-9E60-40B3-9FEA-871036603A8E}
	EndGlobalSection
EndGlobal
