
Microsoft Visual Studio Solution File, Format Version 12.00
# Visual Studio 14
VisualStudioVersion = 14.0.25420.1
MinimumVisualStudioVersion = 10.0.40219.1
Project("{FAE04EC0-301F-11D3-BF4B-00C04F79EFBC}") = "ConsoleApplication36", "ConsoleApplication36\ConsoleApplication36.csproj", "{ACE3E90F-7714-4D2B-ADD3-1645F2B09891}"
EndProject
Global
	GlobalSection(SolutionConfigurationPlatforms) = preSolution
		Debug|Any CPU = Debug|Any CPU
		Release|Any CPU = Release|Any CPU
	EndGlobalSection
	GlobalSection(ProjectConfigurationPlatforms) = postSolution
		{ACE3E90F-7714-4D2B-ADD3-1645F2B09891}.Debug|Any CPU.ActiveCfg = Debug|Any CPU
		{ACE3E90F-7714-4D2B-ADD3-1645F2B09891}.Debug|Any CPU.Build.0 = Debug|Any CPU
		{ACE3E90F-7714-4D2B-ADD3-1645F2B09891}.Release|Any CPU.ActiveCfg = Release|Any CPU
		{ACE3E90F-7714-4D2B-ADD3-1645F2B09891}.Release|Any CPU.Build.0 = Release|Any CPU
	EndGlobalSection
	GlobalSection(SolutionProperties) = preSolution
		HideSolutionNode = FALSE
	EndGlobalSection
EndGlobal
