
Microsoft Visual Studio Solution File, Format Version 12.00
# Visual Studio 15
VisualStudioVersion = 15.0.27004.2006
MinimumVisualStudioVersion = 10.0.40219.1
Project("{FAE04EC0-301F-11D3-BF4B-00C04F79EFBC}") = "ConsoleApp24", "ConsoleApp24\ConsoleApp24.csproj", "{B97D6581-10B3-4766-AB10-46EF5079965F}"
EndProject
Global
	GlobalSection(SolutionConfigurationPlatforms) = preSolution
		Debug|Any CPU = Debug|Any CPU
		Release|Any CPU = Release|Any CPU
	EndGlobalSection
	GlobalSection(ProjectConfigurationPlatforms) = postSolution
		{B97D6581-10B3-4766-AB10-46EF5079965F}.Debug|Any CPU.ActiveCfg = Debug|Any CPU
		{B97D6581-10B3-4766-AB10-46EF5079965F}.Debug|Any CPU.Build.0 = Debug|Any CPU
		{B97D6581-10B3-4766-AB10-46EF5079965F}.Release|Any CPU.ActiveCfg = Release|Any CPU
		{B97D6581-10B3-4766-AB10-46EF5079965F}.Release|Any CPU.Build.0 = Release|Any CPU
	EndGlobalSection
	GlobalSection(SolutionProperties) = preSolution
		HideSolutionNode = FALSE
	EndGlobalSection
	GlobalSection(ExtensibilityGlobals) = postSolution
		SolutionGuid = {CCEE4C31-A3BC-4088-8CE4-B7902C23C847}
	EndGlobalSection
EndGlobal
