
Microsoft Visual Studio Solution File, Format Version 12.00
# Visual Studio 15
VisualStudioVersion = 15.0.27130.2027
MinimumVisualStudioVersion = 10.0.40219.1
Project("{FAE04EC0-301F-11D3-BF4B-00C04F79EFBC}") = "Laba18_bd", "Laba18_bd\Laba18_bd.csproj", "{D13B0411-3783-480F-81B0-4F90669C025D}"
EndProject
Global
	GlobalSection(SolutionConfigurationPlatforms) = preSolution
		Debug|Any CPU = Debug|Any CPU
		Release|Any CPU = Release|Any CPU
	EndGlobalSection
	GlobalSection(ProjectConfigurationPlatforms) = postSolution
		{D13B0411-3783-480F-81B0-4F90669C025D}.Debug|Any CPU.ActiveCfg = Debug|Any CPU
		{D13B0411-3783-480F-81B0-4F90669C025D}.Debug|Any CPU.Build.0 = Debug|Any CPU
		{D13B0411-3783-480F-81B0-4F90669C025D}.Release|Any CPU.ActiveCfg = Release|Any CPU
		{D13B0411-3783-480F-81B0-4F90669C025D}.Release|Any CPU.Build.0 = Release|Any CPU
	EndGlobalSection
	GlobalSection(SolutionProperties) = preSolution
		HideSolutionNode = FALSE
	EndGlobalSection
	GlobalSection(ExtensibilityGlobals) = postSolution
		SolutionGuid = {40B3E059-B810-4092-B29A-37DF4791BC0A}
	EndGlobalSection
EndGlobal
